
Microsoft Visual Studio Solution File, Format Version 12.00
# Visual Studio Version 17
VisualStudioVersion = 17.10.35201.131
MinimumVisualStudioVersion = 10.0.40219.1
Project("{9A19103F-16F7-4668-BE54-9A1E7A4F7556}") = "Arad.Net.Core.Informix", "Arad.Net.Core.Informix.csproj", "{46EE7BF8-7C81-4CA7-86B5-95268ACAF541}"
EndProject
Global
	GlobalSection(SolutionConfigurationPlatforms) = preSolution
		Debug|Any CPU = Debug|Any CPU
		Release|Any CPU = Release|Any CPU
	EndGlobalSection
	GlobalSection(ProjectConfigurationPlatforms) = postSolution
		{46EE7BF8-7C81-4CA7-86B5-95268ACAF541}.Debug|Any CPU.ActiveCfg = Debug|Any CPU
		{46EE7BF8-7C81-4CA7-86B5-95268ACAF541}.Debug|Any CPU.Build.0 = Debug|Any CPU
		{46EE7BF8-7C81-4CA7-86B5-95268ACAF541}.Release|Any CPU.ActiveCfg = Release|Any CPU
		{46EE7BF8-7C81-4CA7-86B5-95268ACAF541}.Release|Any CPU.Build.0 = Release|Any CPU
	EndGlobalSection
	GlobalSection(SolutionProperties) = preSolution
		HideSolutionNode = FALSE
	EndGlobalSection
	GlobalSection(ExtensibilityGlobals) = postSolution
		SolutionGuid = {AA01BE07-FAE6-43E0-BA50-E758639E169F}
	EndGlobalSection
EndGlobal
